
Microsoft Visual Studio Solution File, Format Version 12.00
# Visual Studio Version 17
VisualStudioVersion = 17.0.31912.275
MinimumVisualStudioVersion = 10.0.40219.1
Project("{2150E333-8FDC-42A3-9474-1A3956D46DE8}") = "src", "src", "{98D46582-2F64-45BD-A516-E259EE3A78DA}"
EndProject
Project("{2150E333-8FDC-42A3-9474-1A3956D46DE8}") = "Solution Items", "Solution Items", "{8A4DEB10-3A8D-4F50-9E5F-A5550B42BBBA}"
	ProjectSection(SolutionItems) = preProject
		.dockerignore = .dockerignore
		.editorconfig = .editorconfig
		.env = .env
		.gitignore = .gitignore
		DB.Dockerfile = DB.Dockerfile
		docker-compose-local.yml = docker-compose-local.yml
		docker-compose.dcproj = docker-compose.dcproj
		docker-compose.yml = docker-compose.yml
		Minio.Dockerfile = Minio.Dockerfile
		Web.Dockerfile = Web.Dockerfile
	EndProjectSection
EndProject
Project("{2150E333-8FDC-42A3-9474-1A3956D46DE8}") = "test", "test", "{D485BE00-A082-47D7-827D-0FD646807006}"
EndProject
Project("{2150E333-8FDC-42A3-9474-1A3956D46DE8}") = "Reverse-Proxy", "Reverse-Proxy", "{4962514A-455F-4866-ACD4-51A26609E064}"
	ProjectSection(SolutionItems) = preProject
		src\Reverse-Proxy\nginx.conf = src\Reverse-Proxy\nginx.conf
		src\Reverse-Proxy\Nginx.Dockerfile = src\Reverse-Proxy\Nginx.Dockerfile
	EndProjectSection
EndProject
Project("{2150E333-8FDC-42A3-9474-1A3956D46DE8}") = "UserAdmin", "UserAdmin", "{6569875B-B7BA-47DC-8A69-57604FBBFF3B}"
EndProject
Project("{2150E333-8FDC-42A3-9474-1A3956D46DE8}") = "ShowCase", "ShowCase", "{B5CA3163-3FD1-41C4-AD61-62A793C16960}"
EndProject
Project("{2150E333-8FDC-42A3-9474-1A3956D46DE8}") = "Shared", "Shared", "{15EEF2EE-2A73-4312-8E72-D1CAD4BA2419}"
EndProject
Project("{2150E333-8FDC-42A3-9474-1A3956D46DE8}") = "src", "src", "{5FB74010-24CB-47D8-8665-CD813A22499B}"
EndProject
Project("{2150E333-8FDC-42A3-9474-1A3956D46DE8}") = "test", "test", "{AA37D759-F348-4337-92CB-6515A1049B20}"
EndProject
Project("{9A19103F-16F7-4668-BE54-9A1E7A4F7556}") = "Smart.FA.Catalog.Application", "src\UserAdmin\src\Smart.FA.Catalog.Application\Smart.FA.Catalog.Application.csproj", "{3E6BEC3A-03F2-45E8-B0A8-6AA295C4160B}"
EndProject
Project("{9A19103F-16F7-4668-BE54-9A1E7A4F7556}") = "Smart.FA.Catalog.Core", "src\UserAdmin\src\Smart.FA.Catalog.Core\Smart.FA.Catalog.Core.csproj", "{E5CB4C7E-453E-43B8-B5D8-F9E7851C05E9}"
EndProject
Project("{9A19103F-16F7-4668-BE54-9A1E7A4F7556}") = "Smart.FA.Catalog.Infrastructure", "src\UserAdmin\src\Smart.FA.Catalog.Infrastructure\Smart.FA.Catalog.Infrastructure.csproj", "{5FE1A28F-44A4-42D1-B0E9-31F7101FB75B}"
EndProject
Project("{9A19103F-16F7-4668-BE54-9A1E7A4F7556}") = "Smart.FA.Catalog.Localization", "src\UserAdmin\src\Smart.FA.Catalog.Localization\Smart.FA.Catalog.Localization.csproj", "{5F0817B0-5176-4710-A745-71736BA9ECB0}"
EndProject
Project("{9A19103F-16F7-4668-BE54-9A1E7A4F7556}") = "Smart.FA.Catalog.Web", "src\UserAdmin\src\Smart.FA.Catalog.Web\Smart.FA.Catalog.Web.csproj", "{DBFB7029-ED26-4266-9F39-60FD11182943}"
EndProject
Project("{9A19103F-16F7-4668-BE54-9A1E7A4F7556}") = "Smart.FA.Catalog.IntegrationTests", "src\UserAdmin\test\Smart.FA.Catalog.IntegrationTests\Smart.FA.Catalog.IntegrationTests.csproj", "{BA0E4758-4993-4A0F-994E-7EC5FB42DA51}"
EndProject
Project("{9A19103F-16F7-4668-BE54-9A1E7A4F7556}") = "Smart.FA.Catalog.Tests.Common", "src\UserAdmin\test\Smart.FA.Catalog.Tests.Common\Smart.FA.Catalog.Tests.Common.csproj", "{0E243C6E-290F-41ED-9B61-DC04A84F3982}"
EndProject
Project("{9A19103F-16F7-4668-BE54-9A1E7A4F7556}") = "Smart.FA.Catalog.UnitTests", "src\UserAdmin\test\Smart.FA.Catalog.UnitTests\Smart.FA.Catalog.UnitTests.csproj", "{F6B11CF4-3504-4BBC-834D-D7D3AFABAA27}"
EndProject
Project("{9A19103F-16F7-4668-BE54-9A1E7A4F7556}") = "Smart.FA.Catalog.Shared", "src\Shared\Smart.FA.Catalog.Shared\Smart.FA.Catalog.Shared.csproj", "{244709FB-2162-48D2-B558-DB70CA63A8C5}"
EndProject
Project("{9A19103F-16F7-4668-BE54-9A1E7A4F7556}") = "Smart.FA.Catalog.Showcase.Web", "src\Showcase\src\Smart.FA.Catalog.Showcase.Web\Smart.FA.Catalog.Showcase.Web.csproj", "{571EBDB3-989A-49DA-97A8-AA4391637AD6}"
EndProject
Project("{9A19103F-16F7-4668-BE54-9A1E7A4F7556}") = "Smart.FA.Catalog.Showcase.Infrastructure", "src\Showcase\src\Smart.FA.catalog.Showcase.Infrastructure\Smart.FA.Catalog.Showcase.Infrastructure.csproj", "{D384B462-8FDF-4F0D-89FC-2AB616C3AF14}"
EndProject
Global
	GlobalSection(SolutionConfigurationPlatforms) = preSolution
		Debug|Any CPU = Debug|Any CPU
		Release|Any CPU = Release|Any CPU
	EndGlobalSection
	GlobalSection(ProjectConfigurationPlatforms) = postSolution
		{3E6BEC3A-03F2-45E8-B0A8-6AA295C4160B}.Debug|Any CPU.ActiveCfg = Debug|Any CPU
		{3E6BEC3A-03F2-45E8-B0A8-6AA295C4160B}.Debug|Any CPU.Build.0 = Debug|Any CPU
		{3E6BEC3A-03F2-45E8-B0A8-6AA295C4160B}.Release|Any CPU.ActiveCfg = Release|Any CPU
		{3E6BEC3A-03F2-45E8-B0A8-6AA295C4160B}.Release|Any CPU.Build.0 = Release|Any CPU
		{E5CB4C7E-453E-43B8-B5D8-F9E7851C05E9}.Debug|Any CPU.ActiveCfg = Debug|Any CPU
		{E5CB4C7E-453E-43B8-B5D8-F9E7851C05E9}.Debug|Any CPU.Build.0 = Debug|Any CPU
		{E5CB4C7E-453E-43B8-B5D8-F9E7851C05E9}.Release|Any CPU.ActiveCfg = Release|Any CPU
		{E5CB4C7E-453E-43B8-B5D8-F9E7851C05E9}.Release|Any CPU.Build.0 = Release|Any CPU
		{5FE1A28F-44A4-42D1-B0E9-31F7101FB75B}.Debug|Any CPU.ActiveCfg = Debug|Any CPU
		{5FE1A28F-44A4-42D1-B0E9-31F7101FB75B}.Debug|Any CPU.Build.0 = Debug|Any CPU
		{5FE1A28F-44A4-42D1-B0E9-31F7101FB75B}.Release|Any CPU.ActiveCfg = Release|Any CPU
		{5FE1A28F-44A4-42D1-B0E9-31F7101FB75B}.Release|Any CPU.Build.0 = Release|Any CPU
		{5F0817B0-5176-4710-A745-71736BA9ECB0}.Debug|Any CPU.ActiveCfg = Debug|Any CPU
		{5F0817B0-5176-4710-A745-71736BA9ECB0}.Debug|Any CPU.Build.0 = Debug|Any CPU
		{5F0817B0-5176-4710-A745-71736BA9ECB0}.Release|Any CPU.ActiveCfg = Release|Any CPU
		{5F0817B0-5176-4710-A745-71736BA9ECB0}.Release|Any CPU.Build.0 = Release|Any CPU
		{DBFB7029-ED26-4266-9F39-60FD11182943}.Debug|Any CPU.ActiveCfg = Debug|Any CPU
		{DBFB7029-ED26-4266-9F39-60FD11182943}.Debug|Any CPU.Build.0 = Debug|Any CPU
		{DBFB7029-ED26-4266-9F39-60FD11182943}.Release|Any CPU.ActiveCfg = Release|Any CPU
		{DBFB7029-ED26-4266-9F39-60FD11182943}.Release|Any CPU.Build.0 = Release|Any CPU
		{BA0E4758-4993-4A0F-994E-7EC5FB42DA51}.Debug|Any CPU.ActiveCfg = Debug|Any CPU
		{BA0E4758-4993-4A0F-994E-7EC5FB42DA51}.Debug|Any CPU.Build.0 = Debug|Any CPU
		{BA0E4758-4993-4A0F-994E-7EC5FB42DA51}.Release|Any CPU.ActiveCfg = Release|Any CPU
		{BA0E4758-4993-4A0F-994E-7EC5FB42DA51}.Release|Any CPU.Build.0 = Release|Any CPU
		{0E243C6E-290F-41ED-9B61-DC04A84F3982}.Debug|Any CPU.ActiveCfg = Debug|Any CPU
		{0E243C6E-290F-41ED-9B61-DC04A84F3982}.Debug|Any CPU.Build.0 = Debug|Any CPU
		{0E243C6E-290F-41ED-9B61-DC04A84F3982}.Release|Any CPU.ActiveCfg = Release|Any CPU
		{0E243C6E-290F-41ED-9B61-DC04A84F3982}.Release|Any CPU.Build.0 = Release|Any CPU
		{F6B11CF4-3504-4BBC-834D-D7D3AFABAA27}.Debug|Any CPU.ActiveCfg = Debug|Any CPU
		{F6B11CF4-3504-4BBC-834D-D7D3AFABAA27}.Debug|Any CPU.Build.0 = Debug|Any CPU
		{F6B11CF4-3504-4BBC-834D-D7D3AFABAA27}.Release|Any CPU.ActiveCfg = Release|Any CPU
		{F6B11CF4-3504-4BBC-834D-D7D3AFABAA27}.Release|Any CPU.Build.0 = Release|Any CPU
		{244709FB-2162-48D2-B558-DB70CA63A8C5}.Debug|Any CPU.ActiveCfg = Debug|Any CPU
		{244709FB-2162-48D2-B558-DB70CA63A8C5}.Debug|Any CPU.Build.0 = Debug|Any CPU
		{244709FB-2162-48D2-B558-DB70CA63A8C5}.Release|Any CPU.ActiveCfg = Release|Any CPU
		{244709FB-2162-48D2-B558-DB70CA63A8C5}.Release|Any CPU.Build.0 = Release|Any CPU
		{571EBDB3-989A-49DA-97A8-AA4391637AD6}.Debug|Any CPU.ActiveCfg = Debug|Any CPU
		{571EBDB3-989A-49DA-97A8-AA4391637AD6}.Debug|Any CPU.Build.0 = Debug|Any CPU
		{571EBDB3-989A-49DA-97A8-AA4391637AD6}.Release|Any CPU.ActiveCfg = Release|Any CPU
		{571EBDB3-989A-49DA-97A8-AA4391637AD6}.Release|Any CPU.Build.0 = Release|Any CPU
		{D384B462-8FDF-4F0D-89FC-2AB616C3AF14}.Debug|Any CPU.ActiveCfg = Debug|Any CPU
		{D384B462-8FDF-4F0D-89FC-2AB616C3AF14}.Debug|Any CPU.Build.0 = Debug|Any CPU
		{D384B462-8FDF-4F0D-89FC-2AB616C3AF14}.Release|Any CPU.ActiveCfg = Release|Any CPU
		{D384B462-8FDF-4F0D-89FC-2AB616C3AF14}.Release|Any CPU.Build.0 = Release|Any CPU
	EndGlobalSection
	GlobalSection(SolutionProperties) = preSolution
		HideSolutionNode = FALSE
	EndGlobalSection
	GlobalSection(NestedProjects) = preSolution
		{98D46582-2F64-45BD-A516-E259EE3A78DA} = {6569875B-B7BA-47DC-8A69-57604FBBFF3B}
		{D485BE00-A082-47D7-827D-0FD646807006} = {6569875B-B7BA-47DC-8A69-57604FBBFF3B}
		{4962514A-455F-4866-ACD4-51A26609E064} = {98D46582-2F64-45BD-A516-E259EE3A78DA}
		{5FB74010-24CB-47D8-8665-CD813A22499B} = {B5CA3163-3FD1-41C4-AD61-62A793C16960}
		{AA37D759-F348-4337-92CB-6515A1049B20} = {B5CA3163-3FD1-41C4-AD61-62A793C16960}
		{3E6BEC3A-03F2-45E8-B0A8-6AA295C4160B} = {98D46582-2F64-45BD-A516-E259EE3A78DA}
		{E5CB4C7E-453E-43B8-B5D8-F9E7851C05E9} = {98D46582-2F64-45BD-A516-E259EE3A78DA}
		{5FE1A28F-44A4-42D1-B0E9-31F7101FB75B} = {98D46582-2F64-45BD-A516-E259EE3A78DA}
		{5F0817B0-5176-4710-A745-71736BA9ECB0} = {98D46582-2F64-45BD-A516-E259EE3A78DA}
		{DBFB7029-ED26-4266-9F39-60FD11182943} = {98D46582-2F64-45BD-A516-E259EE3A78DA}
		{BA0E4758-4993-4A0F-994E-7EC5FB42DA51} = {D485BE00-A082-47D7-827D-0FD646807006}
		{0E243C6E-290F-41ED-9B61-DC04A84F3982} = {D485BE00-A082-47D7-827D-0FD646807006}
		{F6B11CF4-3504-4BBC-834D-D7D3AFABAA27} = {D485BE00-A082-47D7-827D-0FD646807006}
		{244709FB-2162-48D2-B558-DB70CA63A8C5} = {15EEF2EE-2A73-4312-8E72-D1CAD4BA2419}
		{571EBDB3-989A-49DA-97A8-AA4391637AD6} = {5FB74010-24CB-47D8-8665-CD813A22499B}
		{D384B462-8FDF-4F0D-89FC-2AB616C3AF14} = {5FB74010-24CB-47D8-8665-CD813A22499B}
	EndGlobalSection
	GlobalSection(ExtensibilityGlobals) = postSolution
		SolutionGuid = {D2F2190D-B4DE-48B8-B87C-7AA80A91538E}
	EndGlobalSection
EndGlobal
